
Microsoft Visual Studio Solution File, Format Version 12.00
# Visual Studio 15
VisualStudioVersion = 15.0.28307.168
MinimumVisualStudioVersion = 10.0.40219.1
Project("{FAE04EC0-301F-11D3-BF4B-00C04F79EFBC}") = "Ex01", "..\..\..\..\..\Downloads\PEOO_2019-master\Lista17\Ex01\Ex01.csproj", "{AE122B20-D61C-469C-9B73-4AF74AECE7CA}"
EndProject
Project("{FAE04EC0-301F-11D3-BF4B-00C04F79EFBC}") = "Ex02", "Ex02\Ex02.csproj", "{B0D71EBD-CBFD-4B44-A1DD-011C7B67F095}"
EndProject
Global
	GlobalSection(SolutionConfigurationPlatforms) = preSolution
		Debug|Any CPU = Debug|Any CPU
		Release|Any CPU = Release|Any CPU
	EndGlobalSection
	GlobalSection(ProjectConfigurationPlatforms) = postSolution
		{AE122B20-D61C-469C-9B73-4AF74AECE7CA}.Debug|Any CPU.ActiveCfg = Debug|Any CPU
		{AE122B20-D61C-469C-9B73-4AF74AECE7CA}.Debug|Any CPU.Build.0 = Debug|Any CPU
		{AE122B20-D61C-469C-9B73-4AF74AECE7CA}.Release|Any CPU.ActiveCfg = Release|Any CPU
		{AE122B20-D61C-469C-9B73-4AF74AECE7CA}.Release|Any CPU.Build.0 = Release|Any CPU
		{B0D71EBD-CBFD-4B44-A1DD-011C7B67F095}.Debug|Any CPU.ActiveCfg = Debug|Any CPU
		{B0D71EBD-CBFD-4B44-A1DD-011C7B67F095}.Debug|Any CPU.Build.0 = Debug|Any CPU
		{B0D71EBD-CBFD-4B44-A1DD-011C7B67F095}.Release|Any CPU.ActiveCfg = Release|Any CPU
		{B0D71EBD-CBFD-4B44-A1DD-011C7B67F095}.Release|Any CPU.Build.0 = Release|Any CPU
	EndGlobalSection
	GlobalSection(SolutionProperties) = preSolution
		HideSolutionNode = FALSE
	EndGlobalSection
	GlobalSection(ExtensibilityGlobals) = postSolution
		SolutionGuid = {B4FF2BD5-EF44-4721-AE0B-2ABB004998C1}
	EndGlobalSection
EndGlobal
