
Microsoft Visual Studio Solution File, Format Version 12.00
# Visual Studio 15
VisualStudioVersion = 15.0.28307.168
MinimumVisualStudioVersion = 10.0.40219.1
Project("{FAE04EC0-301F-11D3-BF4B-00C04F79EFBC}") = "sequencia", "sequencia\sequencia.csproj", "{409466A1-504B-4705-BFD5-8B8F6CA1AE1A}"
EndProject
Project("{FAE04EC0-301F-11D3-BF4B-00C04F79EFBC}") = "Ex01", "Ex01\Ex01.csproj", "{D9E7580A-0ACB-455B-AE8E-A255954D9337}"
EndProject
Project("{FAE04EC0-301F-11D3-BF4B-00C04F79EFBC}") = "sorteios", "sorteios\sorteios.csproj", "{8E2E5B0C-0FEF-4CC6-96B9-5A8DD0500E67}"
EndProject
Global
	GlobalSection(SolutionConfigurationPlatforms) = preSolution
		Debug|Any CPU = Debug|Any CPU
		Release|Any CPU = Release|Any CPU
	EndGlobalSection
	GlobalSection(ProjectConfigurationPlatforms) = postSolution
		{409466A1-504B-4705-BFD5-8B8F6CA1AE1A}.Debug|Any CPU.ActiveCfg = Debug|Any CPU
		{409466A1-504B-4705-BFD5-8B8F6CA1AE1A}.Debug|Any CPU.Build.0 = Debug|Any CPU
		{409466A1-504B-4705-BFD5-8B8F6CA1AE1A}.Release|Any CPU.ActiveCfg = Release|Any CPU
		{409466A1-504B-4705-BFD5-8B8F6CA1AE1A}.Release|Any CPU.Build.0 = Release|Any CPU
		{D9E7580A-0ACB-455B-AE8E-A255954D9337}.Debug|Any CPU.ActiveCfg = Debug|Any CPU
		{D9E7580A-0ACB-455B-AE8E-A255954D9337}.Debug|Any CPU.Build.0 = Debug|Any CPU
		{D9E7580A-0ACB-455B-AE8E-A255954D9337}.Release|Any CPU.ActiveCfg = Release|Any CPU
		{D9E7580A-0ACB-455B-AE8E-A255954D9337}.Release|Any CPU.Build.0 = Release|Any CPU
		{8E2E5B0C-0FEF-4CC6-96B9-5A8DD0500E67}.Debug|Any CPU.ActiveCfg = Debug|Any CPU
		{8E2E5B0C-0FEF-4CC6-96B9-5A8DD0500E67}.Debug|Any CPU.Build.0 = Debug|Any CPU
		{8E2E5B0C-0FEF-4CC6-96B9-5A8DD0500E67}.Release|Any CPU.ActiveCfg = Release|Any CPU
		{8E2E5B0C-0FEF-4CC6-96B9-5A8DD0500E67}.Release|Any CPU.Build.0 = Release|Any CPU
	EndGlobalSection
	GlobalSection(SolutionProperties) = preSolution
		HideSolutionNode = FALSE
	EndGlobalSection
	GlobalSection(ExtensibilityGlobals) = postSolution
		SolutionGuid = {4776C3D3-726A-4D3C-B8F1-C69EEAFF2A77}
	EndGlobalSection
EndGlobal
