
Microsoft Visual Studio Solution File, Format Version 12.00
# Visual Studio 15
VisualStudioVersion = 15.0.28307.168
MinimumVisualStudioVersion = 10.0.40219.1
Project("{FAE04EC0-301F-11D3-BF4B-00C04F79EFBC}") = "disciplina", "disciplina\disciplina.csproj", "{3DEE3E4F-6D68-4398-AD3C-A772417B2452}"
EndProject
Global
	GlobalSection(SolutionConfigurationPlatforms) = preSolution
		Debug|Any CPU = Debug|Any CPU
		Release|Any CPU = Release|Any CPU
	EndGlobalSection
	GlobalSection(ProjectConfigurationPlatforms) = postSolution
		{3DEE3E4F-6D68-4398-AD3C-A772417B2452}.Debug|Any CPU.ActiveCfg = Debug|Any CPU
		{3DEE3E4F-6D68-4398-AD3C-A772417B2452}.Debug|Any CPU.Build.0 = Debug|Any CPU
		{3DEE3E4F-6D68-4398-AD3C-A772417B2452}.Release|Any CPU.ActiveCfg = Release|Any CPU
		{3DEE3E4F-6D68-4398-AD3C-A772417B2452}.Release|Any CPU.Build.0 = Release|Any CPU
	EndGlobalSection
	GlobalSection(SolutionProperties) = preSolution
		HideSolutionNode = FALSE
	EndGlobalSection
	GlobalSection(ExtensibilityGlobals) = postSolution
		SolutionGuid = {12FAFE9B-7560-4AC2-AF30-DF2F0ED69002}
	EndGlobalSection
EndGlobal
