
Microsoft Visual Studio Solution File, Format Version 12.00
# Visual Studio 15
VisualStudioVersion = 15.0.28307.168
MinimumVisualStudioVersion = 10.0.40219.1
Project("{FAE04EC0-301F-11D3-BF4B-00C04F79EFBC}") = "viagem", "viagem\viagem.csproj", "{C0E37BE6-FAE2-4F3E-85E6-7F66174C6FC1}"
EndProject
Global
	GlobalSection(SolutionConfigurationPlatforms) = preSolution
		Debug|Any CPU = Debug|Any CPU
		Release|Any CPU = Release|Any CPU
	EndGlobalSection
	GlobalSection(ProjectConfigurationPlatforms) = postSolution
		{C0E37BE6-FAE2-4F3E-85E6-7F66174C6FC1}.Debug|Any CPU.ActiveCfg = Debug|Any CPU
		{C0E37BE6-FAE2-4F3E-85E6-7F66174C6FC1}.Debug|Any CPU.Build.0 = Debug|Any CPU
		{C0E37BE6-FAE2-4F3E-85E6-7F66174C6FC1}.Release|Any CPU.ActiveCfg = Release|Any CPU
		{C0E37BE6-FAE2-4F3E-85E6-7F66174C6FC1}.Release|Any CPU.Build.0 = Release|Any CPU
	EndGlobalSection
	GlobalSection(SolutionProperties) = preSolution
		HideSolutionNode = FALSE
	EndGlobalSection
	GlobalSection(ExtensibilityGlobals) = postSolution
		SolutionGuid = {C26F50EF-DB77-462F-98D7-3C021D1182B3}
	EndGlobalSection
EndGlobal
